{
  "name": "markdown-math",
  "version": "1.0.0",
  "lockfileVersion": 3,
  "requires": true,
  "packages": {
    "": {
      "name": "markdown-math",
      "version": "1.0.0",
      "license": "MIT",
      "dependencies": {
        "@vscode/markdown-it-katex": "^1.1.1"
      },
      "devDependencies": {
        "@types/markdown-it": "^0.0.0",
        "@types/vscode-notebook-renderer": "^1.60.0",
        "fs-extra": "^11.3.3"
      },
      "engines": {
        "vscode": "^1.54.0"
      }
    },
    "node_modules/@types/markdown-it": {
      "version": "0.0.0",
      "resolved": "https://registry.npmjs.org/@types/markdown-it/-/markdown-it-0.0.0.tgz",
      "integrity": "sha512-rLEOTm6Wi9M8GFnIK7VczXSEThIN/eVoevpTYVk+FD/DPX3N15Sj9b3vkjjDY63U0Zw1yawf13CI92CCHpC5kw==",
      "dev": true
    },
    "node_modules/@types/vscode-notebook-renderer": {
      "version": "1.72.0",
      "resolved": "https://registry.npmjs.org/@types/vscode-notebook-renderer/-/vscode-notebook-renderer-1.72.0.tgz",
      "integrity": "sha512-5iTjb39DpLn03ULUwrDR3L2Dy59RV4blSUHy0oLdQuIY11PhgWO4mXIcoFS0VxY1GZQ4IcjSf3ooT2Jrrcahnw==",
      "dev": true
    },
    "node_modules/@vscode/markdown-it-katex": {
      "version": "1.1.1",
      "resolved": "https://registry.npmjs.org/@vscode/markdown-it-katex/-/markdown-it-katex-1.1.1.tgz",
      "integrity": "sha512-3KTlbsRBPJQLE2YmLL7K6nunTlU+W9T5+FjfNdWuIUKgxSS6HWLQHaO3L4MkJi7z7MpIPpY+g4N+cWNBPE/MSA==",
      "license": "MIT",
      "dependencies": {
        "katex": "^0.16.4"
      }
    },
    "node_modules/commander": {
      "version": "8.3.0",
      "resolved": "https://registry.npmjs.org/commander/-/commander-8.3.0.tgz",
      "integrity": "sha512-OkTL9umf+He2DZkUq8f8J9of7yL6RJKI24dVITBmNfZBmri9zYZQrKkuXiKhyfPSu8tUhnVBB1iKXevvnlR4Ww==",
      "license": "MIT",
      "engines": {
        "node": ">= 12"
      }
    },
    "node_modules/fs-extra": {
      "version": "11.3.3",
      "resolved": "https://registry.npmjs.org/fs-extra/-/fs-extra-11.3.3.tgz",
      "integrity": "sha512-VWSRii4t0AFm6ixFFmLLx1t7wS1gh+ckoa84aOeapGum0h+EZd1EhEumSB+ZdDLnEPuucsVB9oB7cxJHap6Afg==",
      "dev": true,
      "dependencies": {
        "graceful-fs": "^4.2.0",
        "jsonfile": "^6.0.1",
        "universalify": "^2.0.0"
      },
      "engines": {
        "node": ">=14.14"
      }
    },
    "node_modules/graceful-fs": {
      "version": "4.2.11",
      "resolved": "https://registry.npmjs.org/graceful-fs/-/graceful-fs-4.2.11.tgz",
      "integrity": "sha512-RbJ5/jmFcNNCcDV5o9eTnBLJ/HszWV0P73bc+Ff4nS/rJj+YaS6IGyiOL0VoBYX+l1Wrl3k63h/KrH+nhJ0XvQ==",
      "dev": true
    },
    "node_modules/jsonfile": {
      "version": "6.2.0",
      "resolved": "https://registry.npmjs.org/jsonfile/-/jsonfile-6.2.0.tgz",
      "integrity": "sha512-FGuPw30AdOIUTRMC2OMRtQV+jkVj2cfPqSeWXv1NEAJ1qZ5zb1X6z1mFhbfOB/iy3ssJCD+3KuZ8r8C3uVFlAg==",
      "dev": true,
      "dependencies": {
        "universalify": "^2.0.0"
      },
      "optionalDependencies": {
        "graceful-fs": "^4.1.6"
      }
    },
    "node_modules/katex": {
      "version": "0.16.21",
      "resolved": "https://registry.npmjs.org/katex/-/katex-0.16.21.tgz",
      "integrity": "sha512-XvqR7FgOHtWupfMiigNzmh+MgUVmDGU2kXZm899ZkPfcuoPuFxyHmXsgATDpFZDAXCI8tvinaVcDo8PIIJSo4A==",
      "funding": [
        "https://opencollective.com/katex",
        "https://github.com/sponsors/katex"
      ],
      "license": "MIT",
      "dependencies": {
        "commander": "^8.3.0"
      },
      "bin": {
        "katex": "cli.js"
      }
    },
    "node_modules/universalify": {
      "version": "2.0.1",
      "resolved": "https://registry.npmjs.org/universalify/-/universalify-2.0.1.tgz",
      "integrity": "sha512-gptHNQghINnc/vTGIk0SOFGFNXw7JVrlRUtConJRlvaw6DuX0wO5Jeko9sWrMBhh+PsYAZ7oXAiOnf/UKogyiw==",
      "dev": true,
      "engines": {
        "node": ">= 10.0.0"
      }
    }
  }
}
